# This file was autogenerated by Stack.
# You should not edit this file by hand.
# For more information, please see the documentation at:
#   https://docs.haskellstack.org/en/stable/lock_files

packages:
- completed:
    hackage: linear-1.21@sha256:41c6dd6caeccde2507088a5cf5d9278a875d2d96f3f39afb080b04a0a44d0b10,4102
    pantry-tree:
      size: 2211
      sha256: a82fa87ae058aeb32cc8f44e896f776699518fbe29bdd7a829098c8e2db15950
  original:
    hackage: linear-1.21
snapshots: []
